
Microsoft Visual Studio Solution File, Format Version 12.00
# Visual Studio Version 17
VisualStudioVersion = 17.6.33712.159
MinimumVisualStudioVersion = 10.0.40219.1
Project("{FAE04EC0-301F-11D3-BF4B-00C04F79EFBC}") = "Futbin", "Futbin\Futbin.csproj", "{4ADB4912-08C7-4D34-A606-892CE161D442}"
EndProject
Global
	GlobalSection(SolutionConfigurationPlatforms) = preSolution
		Debug|Any CPU = Debug|Any CPU
		Release|Any CPU = Release|Any CPU
	EndGlobalSection
	GlobalSection(ProjectConfigurationPlatforms) = postSolution
		{4ADB4912-08C7-4D34-A606-892CE161D442}.Debug|Any CPU.ActiveCfg = Debug|Any CPU
		{4ADB4912-08C7-4D34-A606-892CE161D442}.Debug|Any CPU.Build.0 = Debug|Any CPU
		{4ADB4912-08C7-4D34-A606-892CE161D442}.Release|Any CPU.ActiveCfg = Release|Any CPU
		{4ADB4912-08C7-4D34-A606-892CE161D442}.Release|Any CPU.Build.0 = Release|Any CPU
	EndGlobalSection
	GlobalSection(SolutionProperties) = preSolution
		HideSolutionNode = FALSE
	EndGlobalSection
	GlobalSection(ExtensibilityGlobals) = postSolution
		SolutionGuid = {499521B2-8CF3-4CCE-8416-6546EFC174BD}
	EndGlobalSection
EndGlobal
